// !$*UTF8*$!
{
	archiveVersion = 1;
	classes = {
	};
	objectVersion = 50;
	objects = {

/* Begin PBXBuildFile section */
		18928161CCA5D87C54A33366 /* Pods_rxmvvm.framework in Frameworks */ = {isa = PBXBuildFile; fileRef = 52F1ABBFC843B821081FF51A /* Pods_rxmvvm.framework */; };
		7CF56F6F21F0761300A4EF80 /* AppDelegate.swift in Sources */ = {isa = PBXBuildFile; fileRef = 7CF56F6E21F0761300A4EF80 /* AppDelegate.swift */; };
		7CF56F7621F0761500A4EF80 /* Assets.xcassets in Resources */ = {isa = PBXBuildFile; fileRef = 7CF56F7521F0761500A4EF80 /* Assets.xcassets */; };
		7CF56F7921F0761500A4EF80 /* LaunchScreen.storyboard in Resources */ = {isa = PBXBuildFile; fileRef = 7CF56F7721F0761500A4EF80 /* LaunchScreen.storyboard */; };
		7CF56F8421F0761500A4EF80 /* rxmvvmTests.swift in Sources */ = {isa = PBXBuildFile; fileRef = 7CF56F8321F0761500A4EF80 /* rxmvvmTests.swift */; };
		7CF56F8F21F079F000A4EF80 /* Network.swift in Sources */ = {isa = PBXBuildFile; fileRef = 7CF56F8E21F079F000A4EF80 /* Network.swift */; };
		7CF56F9121F084DC00A4EF80 /* Restaurant.swift in Sources */ = {isa = PBXBuildFile; fileRef = 7CF56F9021F084DC00A4EF80 /* Restaurant.swift */; };
		B6A3824FDFD6493E4FCF25EA /* Pods_rxmvvmTests.framework in Frameworks */ = {isa = PBXBuildFile; fileRef = F8BEFA440622860B40C1E95F /* Pods_rxmvvmTests.framework */; };
/* End PBXBuildFile section */

/* Begin PBXContainerItemProxy section */
		7CF56F8021F0761500A4EF80 /* PBXContainerItemProxy */ = {
			isa = PBXContainerItemProxy;
			containerPortal = 7CF56F6321F0761300A4EF80 /* Project object */;
			proxyType = 1;
			remoteGlobalIDString = 7CF56F6A21F0761300A4EF80;
			remoteInfo = rxmvvm;
		};
/* End PBXContainerItemProxy section */

/* Begin PBXFileReference section */
		3B4333C1F4C5C45ADA966716 /* Pods-rxmvvmTests.debug.xcconfig */ = {isa = PBXFileReference; includeInIndex = 1; lastKnownFileType = text.xcconfig; name = "Pods-rxmvvmTests.debug.xcconfig"; path = "Pods/Target Support Files/Pods-rxmvvmTests/Pods-rxmvvmTests.debug.xcconfig"; sourceTree = "<group>"; };
		4D82848E55913943CB1D6892 /* Pods-rxmvvm.debug.xcconfig */ = {isa = PBXFileReference; includeInIndex = 1; lastKnownFileType = text.xcconfig; name = "Pods-rxmvvm.debug.xcconfig"; path = "Pods/Target Support Files/Pods-rxmvvm/Pods-rxmvvm.debug.xcconfig"; sourceTree = "<group>"; };
		52F1ABBFC843B821081FF51A /* Pods_rxmvvm.framework */ = {isa = PBXFileReference; explicitFileType = wrapper.framework; includeInIndex = 0; path = Pods_rxmvvm.framework; sourceTree = BUILT_PRODUCTS_DIR; };
		5515D8519DCE9CB6C26064F4 /* Pods-rxmvvmTests.release.xcconfig */ = {isa = PBXFileReference; includeInIndex = 1; lastKnownFileType = text.xcconfig; name = "Pods-rxmvvmTests.release.xcconfig"; path = "Pods/Target Support Files/Pods-rxmvvmTests/Pods-rxmvvmTests.release.xcconfig"; sourceTree = "<group>"; };
		7CF56F6B21F0761300A4EF80 /* rxmvvm.app */ = {isa = PBXFileReference; explicitFileType = wrapper.application; includeInIndex = 0; path = rxmvvm.app; sourceTree = BUILT_PRODUCTS_DIR; };
		7CF56F6E21F0761300A4EF80 /* AppDelegate.swift */ = {isa = PBXFileReference; lastKnownFileType = sourcecode.swift; path = AppDelegate.swift; sourceTree = "<group>"; };
		7CF56F7521F0761500A4EF80 /* Assets.xcassets */ = {isa = PBXFileReference; lastKnownFileType = folder.assetcatalog; path = Assets.xcassets; sourceTree = "<group>"; };
		7CF56F7821F0761500A4EF80 /* Base */ = {isa = PBXFileReference; lastKnownFileType = file.storyboard; name = Base; path = Base.lproj/LaunchScreen.storyboard; sourceTree = "<group>"; };
		7CF56F7A21F0761500A4EF80 /* Info.plist */ = {isa = PBXFileReference; lastKnownFileType = text.plist.xml; path = Info.plist; sourceTree = "<group>"; };
		7CF56F7F21F0761500A4EF80 /* rxmvvmTests.xctest */ = {isa = PBXFileReference; explicitFileType = wrapper.cfbundle; includeInIndex = 0; path = rxmvvmTests.xctest; sourceTree = BUILT_PRODUCTS_DIR; };
		7CF56F8321F0761500A4EF80 /* rxmvvmTests.swift */ = {isa = PBXFileReference; lastKnownFileType = sourcecode.swift; path = rxmvvmTests.swift; sourceTree = "<group>"; };
		7CF56F8521F0761500A4EF80 /* Info.plist */ = {isa = PBXFileReference; lastKnownFileType = text.plist.xml; path = Info.plist; sourceTree = "<group>"; };
		7CF56F8E21F079F000A4EF80 /* Network.swift */ = {isa = PBXFileReference; lastKnownFileType = sourcecode.swift; path = Network.swift; sourceTree = "<group>"; };
		7CF56F9021F084DC00A4EF80 /* Restaurant.swift */ = {isa = PBXFileReference; lastKnownFileType = sourcecode.swift; path = Restaurant.swift; sourceTree = "<group>"; };
		F5C1E007643F6E48C127ED2D /* Pods-rxmvvm.release.xcconfig */ = {isa = PBXFileReference; includeInIndex = 1; lastKnownFileType = text.xcconfig; name = "Pods-rxmvvm.release.xcconfig"; path = "Pods/Target Support Files/Pods-rxmvvm/Pods-rxmvvm.release.xcconfig"; sourceTree = "<group>"; };
		F8BEFA440622860B40C1E95F /* Pods_rxmvvmTests.framework */ = {isa = PBXFileReference; explicitFileType = wrapper.framework; includeInIndex = 0; path = Pods_rxmvvmTests.framework; sourceTree = BUILT_PRODUCTS_DIR; };
/* End PBXFileReference section */

/* Begin PBXFrameworksBuildPhase section */
		7CF56F6821F0761300A4EF80 /* Frameworks */ = {
			isa = PBXFrameworksBuildPhase;
			buildActionMask = 2147483647;
			files = (
				18928161CCA5D87C54A33366 /* Pods_rxmvvm.framework in Frameworks */,
			);
			runOnlyForDeploymentPostprocessing = 0;
		};
		7CF56F7C21F0761500A4EF80 /* Frameworks */ = {
			isa = PBXFrameworksBuildPhase;
			buildActionMask = 2147483647;
			files = (
				B6A3824FDFD6493E4FCF25EA /* Pods_rxmvvmTests.framework in Frameworks */,
			);
			runOnlyForDeploymentPostprocessing = 0;
		};
/* End PBXFrameworksBuildPhase section */

/* Begin PBXGroup section */
		7CF56F6221F0761300A4EF80 = {
			isa = PBXGroup;
			children = (
				7CF56F6D21F0761300A4EF80 /* rxmvvm */,
				7CF56F8221F0761500A4EF80 /* rxmvvmTests */,
				7CF56F6C21F0761300A4EF80 /* Products */,
				B58D3EA2A7D658446D35E10E /* Pods */,
				EE7A6087265DE30727453E37 /* Frameworks */,
			);
			sourceTree = "<group>";
		};
		7CF56F6C21F0761300A4EF80 /* Products */ = {
			isa = PBXGroup;
			children = (
				7CF56F6B21F0761300A4EF80 /* rxmvvm.app */,
				7CF56F7F21F0761500A4EF80 /* rxmvvmTests.xctest */,
			);
			name = Products;
			sourceTree = "<group>";
		};
		7CF56F6D21F0761300A4EF80 /* rxmvvm */ = {
			isa = PBXGroup;
			children = (
				7CF56F8E21F079F000A4EF80 /* Network.swift */,
				7CF56F6E21F0761300A4EF80 /* AppDelegate.swift */,
				7CF56F7521F0761500A4EF80 /* Assets.xcassets */,
				7CF56F7721F0761500A4EF80 /* LaunchScreen.storyboard */,
				7CF56F7A21F0761500A4EF80 /* Info.plist */,
				7CF56F9021F084DC00A4EF80 /* Restaurant.swift */,
			);
			path = rxmvvm;
			sourceTree = "<group>";
		};
		7CF56F8221F0761500A4EF80 /* rxmvvmTests */ = {
			isa = PBXGroup;
			children = (
				7CF56F8321F0761500A4EF80 /* rxmvvmTests.swift */,
				7CF56F8521F0761500A4EF80 /* Info.plist */,
			);
			path = rxmvvmTests;
			sourceTree = "<group>";
		};
		B58D3EA2A7D658446D35E10E /* Pods */ = {
			isa = PBXGroup;
			children = (
				4D82848E55913943CB1D6892 /* Pods-rxmvvm.debug.xcconfig */,
				F5C1E007643F6E48C127ED2D /* Pods-rxmvvm.release.xcconfig */,
				3B4333C1F4C5C45ADA966716 /* Pods-rxmvvmTests.debug.xcconfig */,
				5515D8519DCE9CB6C26064F4 /* Pods-rxmvvmTests.release.xcconfig */,
			);
			name = Pods;
			sourceTree = "<group>";
		};
		EE7A6087265DE30727453E37 /* Frameworks */ = {
			isa = PBXGroup;
			children = (
				52F1ABBFC843B821081FF51A /* Pods_rxmvvm.framework */,
				F8BEFA440622860B40C1E95F /* Pods_rxmvvmTests.framework */,
			);
			name = Frameworks;
			sourceTree = "<group>";
		};
/* End PBXGroup section */

/* Begin PBXNativeTarget section */
		7CF56F6A21F0761300A4EF80 /* rxmvvm */ = {
			isa = PBXNativeTarget;
			buildConfigurationList = 7CF56F8821F0761500A4EF80 /* Build configuration list for PBXNativeTarget "rxmvvm" */;
			buildPhases = (
				20A9D3029DFF564A467FEF70 /* [CP] Check Pods Manifest.lock */,
				7CF56F6721F0761300A4EF80 /* Sources */,
				7CF56F6821F0761300A4EF80 /* Frameworks */,
				7CF56F6921F0761300A4EF80 /* Resources */,
				F7C57215AFC34550E10D9EE0 /* [CP] Embed Pods Frameworks */,
			);
			buildRules = (
			);
			dependencies = (
			);
			name = rxmvvm;
			productName = rxmvvm;
			productReference = 7CF56F6B21F0761300A4EF80 /* rxmvvm.app */;
			productType = "com.apple.product-type.application";
		};
		7CF56F7E21F0761500A4EF80 /* rxmvvmTests */ = {
			isa = PBXNativeTarget;
			buildConfigurationList = 7CF56F8B21F0761500A4EF80 /* Build configuration list for PBXNativeTarget "rxmvvmTests" */;
			buildPhases = (
				58BFC936D971D0E146D8A723 /* [CP] Check Pods Manifest.lock */,
				7CF56F7B21F0761500A4EF80 /* Sources */,
				7CF56F7C21F0761500A4EF80 /* Frameworks */,
				7CF56F7D21F0761500A4EF80 /* Resources */,
			);
			buildRules = (
			);
			dependencies = (
				7CF56F8121F0761500A4EF80 /* PBXTargetDependency */,
			);
			name = rxmvvmTests;
			productName = rxmvvmTests;
			productReference = 7CF56F7F21F0761500A4EF80 /* rxmvvmTests.xctest */;
			productType = "com.apple.product-type.bundle.unit-test";
		};
/* End PBXNativeTarget section */

/* Begin PBXProject section */
		7CF56F6321F0761300A4EF80 /* Project object */ = {
			isa = PBXProject;
			attributes = {
				LastSwiftUpdateCheck = 1010;
				LastUpgradeCheck = 1010;
				ORGANIZATIONNAME = "Oleg Shanyuk";
				TargetAttributes = {
					7CF56F6A21F0761300A4EF80 = {
						CreatedOnToolsVersion = 10.1;
					};
					7CF56F7E21F0761500A4EF80 = {
						CreatedOnToolsVersion = 10.1;
						TestTargetID = 7CF56F6A21F0761300A4EF80;
					};
				};
			};
			buildConfigurationList = 7CF56F6621F0761300A4EF80 /* Build configuration list for PBXProject "rxmvvm" */;
			compatibilityVersion = "Xcode 9.3";
			developmentRegion = en;
			hasScannedForEncodings = 0;
			knownRegions = (
				en,
				Base,
			);
			mainGroup = 7CF56F6221F0761300A4EF80;
			productRefGroup = 7CF56F6C21F0761300A4EF80 /* Products */;
			projectDirPath = "";
			projectRoot = "";
			targets = (
				7CF56F6A21F0761300A4EF80 /* rxmvvm */,
				7CF56F7E21F0761500A4EF80 /* rxmvvmTests */,
			);
		};
/* End PBXProject section */

/* Begin PBXResourcesBuildPhase section */
		7CF56F6921F0761300A4EF80 /* Resources */ = {
			isa = PBXResourcesBuildPhase;
			buildActionMask = 2147483647;
			files = (
				7CF56F7921F0761500A4EF80 /* LaunchScreen.storyboard in Resources */,
				7CF56F7621F0761500A4EF80 /* Assets.xcassets in Resources */,
			);
			runOnlyForDeploymentPostprocessing = 0;
		};
		7CF56F7D21F0761500A4EF80 /* Resources */ = {
			isa = PBXResourcesBuildPhase;
			buildActionMask = 2147483647;
			files = (
			);
			runOnlyForDeploymentPostprocessing = 0;
		};
/* End PBXResourcesBuildPhase section */

/* Begin PBXShellScriptBuildPhase section */
		20A9D3029DFF564A467FEF70 /* [CP] Check Pods Manifest.lock */ = {
			isa = PBXShellScriptBuildPhase;
			buildActionMask = 2147483647;
			files = (
			);
			inputFileListPaths = (
			);
			inputPaths = (
				"${PODS_PODFILE_DIR_PATH}/Podfile.lock",
				"${PODS_ROOT}/Manifest.lock",
			);
			name = "[CP] Check Pods Manifest.lock";
			outputFileListPaths = (
			);
			outputPaths = (
				"$(DERIVED_FILE_DIR)/Pods-rxmvvm-checkManifestLockResult.txt",
			);
			runOnlyForDeploymentPostprocessing = 0;
			shellPath = /bin/sh;
			shellScript = "diff \"${PODS_PODFILE_DIR_PATH}/Podfile.lock\" \"${PODS_ROOT}/Manifest.lock\" > /dev/null\nif [ $? != 0 ] ; then\n    # print error to STDERR\n    echo \"error: The sandbox is not in sync with the Podfile.lock. Run 'pod install' or update your CocoaPods installation.\" >&2\n    exit 1\nfi\n# This output is used by Xcode 'outputs' to avoid re-running this script phase.\necho \"SUCCESS\" > \"${SCRIPT_OUTPUT_FILE_0}\"\n";
			showEnvVarsInLog = 0;
		};
		58BFC936D971D0E146D8A723 /* [CP] Check Pods Manifest.lock */ = {
			isa = PBXShellScriptBuildPhase;
			buildActionMask = 2147483647;
			files = (
			);
			inputFileListPaths = (
			);
			inputPaths = (
				"${PODS_PODFILE_DIR_PATH}/Podfile.lock",
				"${PODS_ROOT}/Manifest.lock",
			);
			name = "[CP] Check Pods Manifest.lock";
			outputFileListPaths = (
			);
			outputPaths = (
				"$(DERIVED_FILE_DIR)/Pods-rxmvvmTests-checkManifestLockResult.txt",
			);
			runOnlyForDeploymentPostprocessing = 0;
			shellPath = /bin/sh;
			shellScript = "diff \"${PODS_PODFILE_DIR_PATH}/Podfile.lock\" \"${PODS_ROOT}/Manifest.lock\" > /dev/null\nif [ $? != 0 ] ; then\n    # print error to STDERR\n    echo \"error: The sandbox is not in sync with the Podfile.lock. Run 'pod install' or update your CocoaPods installation.\" >&2\n    exit 1\nfi\n# This output is used by Xcode 'outputs' to avoid re-running this script phase.\necho \"SUCCESS\" > \"${SCRIPT_OUTPUT_FILE_0}\"\n";
			showEnvVarsInLog = 0;
		};
		F7C57215AFC34550E10D9EE0 /* [CP] Embed Pods Frameworks */ = {
			isa = PBXShellScriptBuildPhase;
			buildActionMask = 2147483647;
			files = (
			);
			inputFileListPaths = (
			);
			inputPaths = (
				"${SRCROOT}/Pods/Target Support Files/Pods-rxmvvm/Pods-rxmvvm-frameworks.sh",
				"${BUILT_PRODUCTS_DIR}/RxAtomic/RxAtomic.framework",
				"${BUILT_PRODUCTS_DIR}/RxCocoa/RxCocoa.framework",
				"${BUILT_PRODUCTS_DIR}/RxSwift/RxSwift.framework",
			);
			name = "[CP] Embed Pods Frameworks";
			outputFileListPaths = (
			);
			outputPaths = (
				"${TARGET_BUILD_DIR}/${FRAMEWORKS_FOLDER_PATH}/RxAtomic.framework",
				"${TARGET_BUILD_DIR}/${FRAMEWORKS_FOLDER_PATH}/RxCocoa.framework",
				"${TARGET_BUILD_DIR}/${FRAMEWORKS_FOLDER_PATH}/RxSwift.framework",
			);
			runOnlyForDeploymentPostprocessing = 0;
			shellPath = /bin/sh;
			shellScript = "\"${SRCROOT}/Pods/Target Support Files/Pods-rxmvvm/Pods-rxmvvm-frameworks.sh\"\n";
			showEnvVarsInLog = 0;
		};
/* End PBXShellScriptBuildPhase section */

/* Begin PBXSourcesBuildPhase section */
		7CF56F6721F0761300A4EF80 /* Sources */ = {
			isa = PBXSourcesBuildPhase;
			buildActionMask = 2147483647;
			files = (
				7CF56F6F21F0761300A4EF80 /* AppDelegate.swift in Sources */,
				7CF56F8F21F079F000A4EF80 /* Network.swift in Sources */,
				7CF56F9121F084DC00A4EF80 /* Restaurant.swift in Sources */,
			);
			runOnlyForDeploymentPostprocessing = 0;
		};
		7CF56F7B21F0761500A4EF80 /* Sources */ = {
			isa = PBXSourcesBuildPhase;
			buildActionMask = 2147483647;
			files = (
				7CF56F8421F0761500A4EF80 /* rxmvvmTests.swift in Sources */,
			);
			runOnlyForDeploymentPostprocessing = 0;
		};
/* End PBXSourcesBuildPhase section */

/* Begin PBXTargetDependency section */
		7CF56F8121F0761500A4EF80 /* PBXTargetDependency */ = {
			isa = PBXTargetDependency;
			target = 7CF56F6A21F0761300A4EF80 /* rxmvvm */;
			targetProxy = 7CF56F8021F0761500A4EF80 /* PBXContainerItemProxy */;
		};
/* End PBXTargetDependency section */

/* Begin PBXVariantGroup section */
		7CF56F7721F0761500A4EF80 /* LaunchScreen.storyboard */ = {
			isa = PBXVariantGroup;
			children = (
				7CF56F7821F0761500A4EF80 /* Base */,
			);
			name = LaunchScreen.storyboard;
			sourceTree = "<group>";
		};
/* End PBXVariantGroup section */

/* Begin XCBuildConfiguration section */
		7CF56F8621F0761500A4EF80 /* Debug */ = {
			isa = XCBuildConfiguration;
			buildSettings = {
				ALWAYS_SEARCH_USER_PATHS = NO;
				CLANG_ANALYZER_NONNULL = YES;
				CLANG_ANALYZER_NUMBER_OBJECT_CONVERSION = YES_AGGRESSIVE;
				CLANG_CXX_LANGUAGE_STANDARD = "gnu++14";
				CLANG_CXX_LIBRARY = "libc++";
				CLANG_ENABLE_MODULES = YES;
				CLANG_ENABLE_OBJC_ARC = YES;
				CLANG_ENABLE_OBJC_WEAK = YES;
				CLANG_WARN_BLOCK_CAPTURE_AUTORELEASING = YES;
				CLANG_WARN_BOOL_CONVERSION = YES;
				CLANG_WARN_COMMA = YES;
				CLANG_WARN_CONSTANT_CONVERSION = YES;
				CLANG_WARN_DEPRECATED_OBJC_IMPLEMENTATIONS = YES;
				CLANG_WARN_DIRECT_OBJC_ISA_USAGE = YES_ERROR;
				CLANG_WARN_DOCUMENTATION_COMMENTS = YES;
				CLANG_WARN_EMPTY_BODY = YES;
				CLANG_WARN_ENUM_CONVERSION = YES;
				CLANG_WARN_INFINITE_RECURSION = YES;
				CLANG_WARN_INT_CONVERSION = YES;
				CLANG_WARN_NON_LITERAL_NULL_CONVERSION = YES;
				CLANG_WARN_OBJC_IMPLICIT_RETAIN_SELF = YES;
				CLANG_WARN_OBJC_LITERAL_CONVERSION = YES;
				CLANG_WARN_OBJC_ROOT_CLASS = YES_ERROR;
				CLANG_WARN_RANGE_LOOP_ANALYSIS = YES;
				CLANG_WARN_STRICT_PROTOTYPES = YES;
				CLANG_WARN_SUSPICIOUS_MOVE = YES;
				CLANG_WARN_UNGUARDED_AVAILABILITY = YES_AGGRESSIVE;
				CLANG_WARN_UNREACHABLE_CODE = YES;
				CLANG_WARN__DUPLICATE_METHOD_MATCH = YES;
				CODE_SIGN_IDENTITY = "iPhone Developer";
				COPY_PHASE_STRIP = NO;
				DEBUG_INFORMATION_FORMAT = dwarf;
				ENABLE_STRICT_OBJC_MSGSEND = YES;
				ENABLE_TESTABILITY = YES;
				GCC_C_LANGUAGE_STANDARD = gnu11;
				GCC_DYNAMIC_NO_PIC = NO;
				GCC_NO_COMMON_BLOCKS = YES;
				GCC_OPTIMIZATION_LEVEL = 0;
				GCC_PREPROCESSOR_DEFINITIONS = (
					"DEBUG=1",
					"$(inherited)",
				);
				GCC_WARN_64_TO_32_BIT_CONVERSION = YES;
				GCC_WARN_ABOUT_RETURN_TYPE = YES_ERROR;
				GCC_WARN_UNDECLARED_SELECTOR = YES;
				GCC_WARN_UNINITIALIZED_AUTOS = YES_AGGRESSIVE;
				GCC_WARN_UNUSED_FUNCTION = YES;
				GCC_WARN_UNUSED_VARIABLE = YES;
				IPHONEOS_DEPLOYMENT_TARGET = 12.1;
				MTL_ENABLE_DEBUG_INFO = INCLUDE_SOURCE;
				MTL_FAST_MATH = YES;
				ONLY_ACTIVE_ARCH = YES;
				SDKROOT = iphoneos;
				SWIFT_ACTIVE_COMPILATION_CONDITIONS = DEBUG;
				SWIFT_OPTIMIZATION_LEVEL = "-Onone";
			};
			name = Debug;
		};
		7CF56F8721F0761500A4EF80 /* Release */ = {
			isa = XCBuildConfiguration;
			buildSettings = {
				ALWAYS_SEARCH_USER_PATHS = NO;
				CLANG_ANALYZER_NONNULL = YES;
				CLANG_ANALYZER_NUMBER_OBJECT_CONVERSION = YES_AGGRESSIVE;
				CLANG_CXX_LANGUAGE_STANDARD = "gnu++14";
				CLANG_CXX_LIBRARY = "libc++";
				CLANG_ENABLE_MODULES = YES;
				CLANG_ENABLE_OBJC_ARC = YES;
				CLANG_ENABLE_OBJC_WEAK = YES;
				CLANG_WARN_BLOCK_CAPTURE_AUTORELEASING = YES;
				CLANG_WARN_BOOL_CONVERSION = YES;
				CLANG_WARN_COMMA = YES;
				CLANG_WARN_CONSTANT_CONVERSION = YES;
				CLANG_WARN_DEPRECATED_OBJC_IMPLEMENTATIONS = YES;
				CLANG_WARN_DIRECT_OBJC_ISA_USAGE = YES_ERROR;
				CLANG_WARN_DOCUMENTATION_COMMENTS = YES;
				CLANG_WARN_EMPTY_BODY = YES;
				CLANG_WARN_ENUM_CONVERSION = YES;
				CLANG_WARN_INFINITE_RECURSION = YES;
				CLANG_WARN_INT_CONVERSION = YES;
				CLANG_WARN_NON_LITERAL_NULL_CONVERSION = YES;
				CLANG_WARN_OBJC_IMPLICIT_RETAIN_SELF = YES;
				CLANG_WARN_OBJC_LITERAL_CONVERSION = YES;
				CLANG_WARN_OBJC_ROOT_CLASS = YES_ERROR;
				CLANG_WARN_RANGE_LOOP_ANALYSIS = YES;
				CLANG_WARN_STRICT_PROTOTYPES = YES;
				CLANG_WARN_SUSPICIOUS_MOVE = YES;
				CLANG_WARN_UNGUARDED_AVAILABILITY = YES_AGGRESSIVE;
				CLANG_WARN_UNREACHABLE_CODE = YES;
				CLANG_WARN__DUPLICATE_METHOD_MATCH = YES;
				CODE_SIGN_IDENTITY = "iPhone Developer";
				COPY_PHASE_STRIP = NO;
				DEBUG_INFORMATION_FORMAT = "dwarf-with-dsym";
				ENABLE_NS_ASSERTIONS = NO;
				ENABLE_STRICT_OBJC_MSGSEND = YES;
				GCC_C_LANGUAGE_STANDARD = gnu11;
				GCC_NO_COMMON_BLOCKS = YES;
				GCC_WARN_64_TO_32_BIT_CONVERSION = YES;
				GCC_WARN_ABOUT_RETURN_TYPE = YES_ERROR;
				GCC_WARN_UNDECLARED_SELECTOR = YES;
				GCC_WARN_UNINITIALIZED_AUTOS = YES_AGGRESSIVE;
				GCC_WARN_UNUSED_FUNCTION = YES;
				GCC_WARN_UNUSED_VARIABLE = YES;
				IPHONEOS_DEPLOYMENT_TARGET = 12.1;
				MTL_ENABLE_DEBUG_INFO = NO;
				MTL_FAST_MATH = YES;
				SDKROOT = iphoneos;
				SWIFT_COMPILATION_MODE = wholemodule;
				SWIFT_OPTIMIZATION_LEVEL = "-O";
				VALIDATE_PRODUCT = YES;
			};
			name = Release;
		};
		7CF56F8921F0761500A4EF80 /* Debug */ = {
			isa = XCBuildConfiguration;
			baseConfigurationReference = 4D82848E55913943CB1D6892 /* Pods-rxmvvm.debug.xcconfig */;
			buildSettings = {
				ASSETCATALOG_COMPILER_APPICON_NAME = AppIcon;
				CODE_SIGN_STYLE = Automatic;
				INFOPLIST_FILE = rxmvvm/Info.plist;
				LD_RUNPATH_SEARCH_PATHS = (
					"$(inherited)",
					"@executable_path/Frameworks",
				);
				PRODUCT_BUNDLE_IDENTIFIER = com.demo.rxmvvm;
				PRODUCT_NAME = "$(TARGET_NAME)";
				SWIFT_VERSION = 4.2;
				TARGETED_DEVICE_FAMILY = "1,2";
			};
			name = Debug;
		};
		7CF56F8A21F0761500A4EF80 /* Release */ = {
			isa = XCBuildConfiguration;
			baseConfigurationReference = F5C1E007643F6E48C127ED2D /* Pods-rxmvvm.release.xcconfig */;
			buildSettings = {
				ASSETCATALOG_COMPILER_APPICON_NAME = AppIcon;
				CODE_SIGN_STYLE = Automatic;
				INFOPLIST_FILE = rxmvvm/Info.plist;
				LD_RUNPATH_SEARCH_PATHS = (
					"$(inherited)",
					"@executable_path/Frameworks",
				);
				PRODUCT_BUNDLE_IDENTIFIER = com.demo.rxmvvm;
				PRODUCT_NAME = "$(TARGET_NAME)";
				SWIFT_VERSION = 4.2;
				TARGETED_DEVICE_FAMILY = "1,2";
			};
			name = Release;
		};
		7CF56F8C21F0761500A4EF80 /* Debug */ = {
			isa = XCBuildConfiguration;
			baseConfigurationReference = 3B4333C1F4C5C45ADA966716 /* Pods-rxmvvmTests.debug.xcconfig */;
			buildSettings = {
				ALWAYS_EMBED_SWIFT_STANDARD_LIBRARIES = YES;
				BUNDLE_LOADER = "$(TEST_HOST)";
				CODE_SIGN_STYLE = Automatic;
				INFOPLIST_FILE = rxmvvmTests/Info.plist;
				LD_RUNPATH_SEARCH_PATHS = (
					"$(inherited)",
					"@executable_path/Frameworks",
					"@loader_path/Frameworks",
				);
				PRODUCT_BUNDLE_IDENTIFIER = com.demo.rxmvvmTests;
				PRODUCT_NAME = "$(TARGET_NAME)";
				SWIFT_VERSION = 4.2;
				TARGETED_DEVICE_FAMILY = "1,2";
				TEST_HOST = "$(BUILT_PRODUCTS_DIR)/rxmvvm.app/rxmvvm";
			};
			name = Debug;
		};
		7CF56F8D21F0761500A4EF80 /* Release */ = {
			isa = XCBuildConfiguration;
			baseConfigurationReference = 5515D8519DCE9CB6C26064F4 /* Pods-rxmvvmTests.release.xcconfig */;
			buildSettings = {
				ALWAYS_EMBED_SWIFT_STANDARD_LIBRARIES = YES;
				BUNDLE_LOADER = "$(TEST_HOST)";
				CODE_SIGN_STYLE = Automatic;
				INFOPLIST_FILE = rxmvvmTests/Info.plist;
				LD_RUNPATH_SEARCH_PATHS = (
					"$(inherited)",
					"@executable_path/Frameworks",
					"@loader_path/Frameworks",
				);
				PRODUCT_BUNDLE_IDENTIFIER = com.demo.rxmvvmTests;
				PRODUCT_NAME = "$(TARGET_NAME)";
				SWIFT_VERSION = 4.2;
				TARGETED_DEVICE_FAMILY = "1,2";
				TEST_HOST = "$(BUILT_PRODUCTS_DIR)/rxmvvm.app/rxmvvm";
			};
			name = Release;
		};
/* End XCBuildConfiguration section */

/* Begin XCConfigurationList section */
		7CF56F6621F0761300A4EF80 /* Build configuration list for PBXProject "rxmvvm" */ = {
			isa = XCConfigurationList;
			buildConfigurations = (
				7CF56F8621F0761500A4EF80 /* Debug */,
				7CF56F8721F0761500A4EF80 /* Release */,
			);
			defaultConfigurationIsVisible = 0;
			defaultConfigurationName = Release;
		};
		7CF56F8821F0761500A4EF80 /* Build configuration list for PBXNativeTarget "rxmvvm" */ = {
			isa = XCConfigurationList;
			buildConfigurations = (
				7CF56F8921F0761500A4EF80 /* Debug */,
				7CF56F8A21F0761500A4EF80 /* Release */,
			);
			defaultConfigurationIsVisible = 0;
			defaultConfigurationName = Release;
		};
		7CF56F8B21F0761500A4EF80 /* Build configuration list for PBXNativeTarget "rxmvvmTests" */ = {
			isa = XCConfigurationList;
			buildConfigurations = (
				7CF56F8C21F0761500A4EF80 /* Debug */,
				7CF56F8D21F0761500A4EF80 /* Release */,
			);
			defaultConfigurationIsVisible = 0;
			defaultConfigurationName = Release;
		};
/* End XCConfigurationList section */
	};
	rootObject = 7CF56F6321F0761300A4EF80 /* Project object */;
}
